// !$*UTF8*$!
{
	archiveVersion = 1;
	classes = {
	};
	objectVersion = 56;
	objects = {

/* Begin PBXBuildFile section */
		51C8FF9F2B2B60D200FC48CF /* PinnedTabDemoApp.swift in Sources */ = {isa = PBXBuildFile; fileRef = 51C8FF9E2B2B60D200FC48CF /* PinnedTabDemoApp.swift */; };
		51C8FFA12B2B60D200FC48CF /* ContentView.swift in Sources */ = {isa = PBXBuildFile; fileRef = 51C8FFA02B2B60D200FC48CF /* ContentView.swift */; };
		51C8FFA32B2B60D400FC48CF /* Assets.xcassets in Resources */ = {isa = PBXBuildFile; fileRef = 51C8FFA22B2B60D400FC48CF /* Assets.xcassets */; };
		51C8FFA62B2B60D400FC48CF /* Preview Assets.xcassets in Resources */ = {isa = PBXBuildFile; fileRef = 51C8FFA52B2B60D400FC48CF /* Preview Assets.xcassets */; };
		51C8FFB02B2B60D400FC48CF /* PinnedTabDemoTests.swift in Sources */ = {isa = PBXBuildFile; fileRef = 51C8FFAF2B2B60D400FC48CF /* PinnedTabDemoTests.swift */; };
		51C8FFBA2B2B60D400FC48CF /* PinnedTabDemoUITests.swift in Sources */ = {isa = PBXBuildFile; fileRef = 51C8FFB92B2B60D400FC48CF /* PinnedTabDemoUITests.swift */; };
		51C8FFBC2B2B60D400FC48CF /* PinnedTabDemoUITestsLaunchTests.swift in Sources */ = {isa = PBXBuildFile; fileRef = 51C8FFBB2B2B60D400FC48CF /* PinnedTabDemoUITestsLaunchTests.swift */; };
		51C8FFC92B2B624400FC48CF /* CustomTabView.swift in Sources */ = {isa = PBXBuildFile; fileRef = 51C8FFC82B2B624400FC48CF /* CustomTabView.swift */; };
		51C8FFCD2B2B655100FC48CF /* CustomTab.swift in Sources */ = {isa = PBXBuildFile; fileRef = 51C8FFCC2B2B655100FC48CF /* CustomTab.swift */; };
		51C8FFCF2B2B6C1C00FC48CF /* CustomPageSlider.swift in Sources */ = {isa = PBXBuildFile; fileRef = 51C8FFCE2B2B6C1C00FC48CF /* CustomPageSlider.swift */; };
		51F412972B2B7CFD0086E752 /* OffsetModifier.swift in Sources */ = {isa = PBXBuildFile; fileRef = 51F412962B2B7CFD0086E752 /* OffsetModifier.swift */; };
/* End PBXBuildFile section */

/* Begin PBXContainerItemProxy section */
		51C8FFAC2B2B60D400FC48CF /* PBXContainerItemProxy */ = {
			isa = PBXContainerItemProxy;
			containerPortal = 51C8FF932B2B60D200FC48CF /* Project object */;
			proxyType = 1;
			remoteGlobalIDString = 51C8FF9A2B2B60D200FC48CF;
			remoteInfo = PinnedTabDemo;
		};
		51C8FFB62B2B60D400FC48CF /* PBXContainerItemProxy */ = {
			isa = PBXContainerItemProxy;
			containerPortal = 51C8FF932B2B60D200FC48CF /* Project object */;
			proxyType = 1;
			remoteGlobalIDString = 51C8FF9A2B2B60D200FC48CF;
			remoteInfo = PinnedTabDemo;
		};
/* End PBXContainerItemProxy section */

/* Begin PBXFileReference section */
		51C8FF9B2B2B60D200FC48CF /* PinnedTabDemo.app */ = {isa = PBXFileReference; explicitFileType = wrapper.application; includeInIndex = 0; path = PinnedTabDemo.app; sourceTree = BUILT_PRODUCTS_DIR; };
		51C8FF9E2B2B60D200FC48CF /* PinnedTabDemoApp.swift */ = {isa = PBXFileReference; lastKnownFileType = sourcecode.swift; path = PinnedTabDemoApp.swift; sourceTree = "<group>"; };
		51C8FFA02B2B60D200FC48CF /* ContentView.swift */ = {isa = PBXFileReference; lastKnownFileType = sourcecode.swift; path = ContentView.swift; sourceTree = "<group>"; };
		51C8FFA22B2B60D400FC48CF /* Assets.xcassets */ = {isa = PBXFileReference; lastKnownFileType = folder.assetcatalog; path = Assets.xcassets; sourceTree = "<group>"; };
		51C8FFA52B2B60D400FC48CF /* Preview Assets.xcassets */ = {isa = PBXFileReference; lastKnownFileType = folder.assetcatalog; path = "Preview Assets.xcassets"; sourceTree = "<group>"; };
		51C8FFAB2B2B60D400FC48CF /* PinnedTabDemoTests.xctest */ = {isa = PBXFileReference; explicitFileType = wrapper.cfbundle; includeInIndex = 0; path = PinnedTabDemoTests.xctest; sourceTree = BUILT_PRODUCTS_DIR; };
		51C8FFAF2B2B60D400FC48CF /* PinnedTabDemoTests.swift */ = {isa = PBXFileReference; lastKnownFileType = sourcecode.swift; path = PinnedTabDemoTests.swift; sourceTree = "<group>"; };
		51C8FFB52B2B60D400FC48CF /* PinnedTabDemoUITests.xctest */ = {isa = PBXFileReference; explicitFileType = wrapper.cfbundle; includeInIndex = 0; path = PinnedTabDemoUITests.xctest; sourceTree = BUILT_PRODUCTS_DIR; };
		51C8FFB92B2B60D400FC48CF /* PinnedTabDemoUITests.swift */ = {isa = PBXFileReference; lastKnownFileType = sourcecode.swift; path = PinnedTabDemoUITests.swift; sourceTree = "<group>"; };
		51C8FFBB2B2B60D400FC48CF /* PinnedTabDemoUITestsLaunchTests.swift */ = {isa = PBXFileReference; lastKnownFileType = sourcecode.swift; path = PinnedTabDemoUITestsLaunchTests.swift; sourceTree = "<group>"; };
		51C8FFC82B2B624400FC48CF /* CustomTabView.swift */ = {isa = PBXFileReference; lastKnownFileType = sourcecode.swift; path = CustomTabView.swift; sourceTree = "<group>"; };
		51C8FFCC2B2B655100FC48CF /* CustomTab.swift */ = {isa = PBXFileReference; lastKnownFileType = sourcecode.swift; path = CustomTab.swift; sourceTree = "<group>"; };
		51C8FFCE2B2B6C1C00FC48CF /* CustomPageSlider.swift */ = {isa = PBXFileReference; lastKnownFileType = sourcecode.swift; path = CustomPageSlider.swift; sourceTree = "<group>"; };
		51F412962B2B7CFD0086E752 /* OffsetModifier.swift */ = {isa = PBXFileReference; lastKnownFileType = sourcecode.swift; path = OffsetModifier.swift; sourceTree = "<group>"; };
/* End PBXFileReference section */

/* Begin PBXFrameworksBuildPhase section */
		51C8FF982B2B60D200FC48CF /* Frameworks */ = {
			isa = PBXFrameworksBuildPhase;
			buildActionMask = 2147483647;
			files = (
			);
			runOnlyForDeploymentPostprocessing = 0;
		};
		51C8FFA82B2B60D400FC48CF /* Frameworks */ = {
			isa = PBXFrameworksBuildPhase;
			buildActionMask = 2147483647;
			files = (
			);
			runOnlyForDeploymentPostprocessing = 0;
		};
		51C8FFB22B2B60D400FC48CF /* Frameworks */ = {
			isa = PBXFrameworksBuildPhase;
			buildActionMask = 2147483647;
			files = (
			);
			runOnlyForDeploymentPostprocessing = 0;
		};
/* End PBXFrameworksBuildPhase section */

/* Begin PBXGroup section */
		51C8FF922B2B60D200FC48CF = {
			isa = PBXGroup;
			children = (
				51F412962B2B7CFD0086E752 /* OffsetModifier.swift */,
				51C8FF9D2B2B60D200FC48CF /* PinnedTabDemo */,
				51C8FFAE2B2B60D400FC48CF /* PinnedTabDemoTests */,
				51C8FFB82B2B60D400FC48CF /* PinnedTabDemoUITests */,
				51C8FF9C2B2B60D200FC48CF /* Products */,
			);
			sourceTree = "<group>";
		};
		51C8FF9C2B2B60D200FC48CF /* Products */ = {
			isa = PBXGroup;
			children = (
				51C8FF9B2B2B60D200FC48CF /* PinnedTabDemo.app */,
				51C8FFAB2B2B60D400FC48CF /* PinnedTabDemoTests.xctest */,
				51C8FFB52B2B60D400FC48CF /* PinnedTabDemoUITests.xctest */,
			);
			name = Products;
			sourceTree = "<group>";
		};
		51C8FF9D2B2B60D200FC48CF /* PinnedTabDemo */ = {
			isa = PBXGroup;
			children = (
				51C8FF9E2B2B60D200FC48CF /* PinnedTabDemoApp.swift */,
				51C8FFA02B2B60D200FC48CF /* ContentView.swift */,
				51C8FFA22B2B60D400FC48CF /* Assets.xcassets */,
				51C8FFA42B2B60D400FC48CF /* Preview Content */,
				51C8FFC82B2B624400FC48CF /* CustomTabView.swift */,
				51C8FFCC2B2B655100FC48CF /* CustomTab.swift */,
				51C8FFCE2B2B6C1C00FC48CF /* CustomPageSlider.swift */,
			);
			path = PinnedTabDemo;
			sourceTree = "<group>";
		};
		51C8FFA42B2B60D400FC48CF /* Preview Content */ = {
			isa = PBXGroup;
			children = (
				51C8FFA52B2B60D400FC48CF /* Preview Assets.xcassets */,
			);
			path = "Preview Content";
			sourceTree = "<group>";
		};
		51C8FFAE2B2B60D400FC48CF /* PinnedTabDemoTests */ = {
			isa = PBXGroup;
			children = (
				51C8FFAF2B2B60D400FC48CF /* PinnedTabDemoTests.swift */,
			);
			path = PinnedTabDemoTests;
			sourceTree = "<group>";
		};
		51C8FFB82B2B60D400FC48CF /* PinnedTabDemoUITests */ = {
			isa = PBXGroup;
			children = (
				51C8FFB92B2B60D400FC48CF /* PinnedTabDemoUITests.swift */,
				51C8FFBB2B2B60D400FC48CF /* PinnedTabDemoUITestsLaunchTests.swift */,
			);
			path = PinnedTabDemoUITests;
			sourceTree = "<group>";
		};
/* End PBXGroup section */

/* Begin PBXNativeTarget section */
		51C8FF9A2B2B60D200FC48CF /* PinnedTabDemo */ = {
			isa = PBXNativeTarget;
			buildConfigurationList = 51C8FFBF2B2B60D400FC48CF /* Build configuration list for PBXNativeTarget "PinnedTabDemo" */;
			buildPhases = (
				51C8FF972B2B60D200FC48CF /* Sources */,
				51C8FF982B2B60D200FC48CF /* Frameworks */,
				51C8FF992B2B60D200FC48CF /* Resources */,
			);
			buildRules = (
			);
			dependencies = (
			);
			name = PinnedTabDemo;
			productName = PinnedTabDemo;
			productReference = 51C8FF9B2B2B60D200FC48CF /* PinnedTabDemo.app */;
			productType = "com.apple.product-type.application";
		};
		51C8FFAA2B2B60D400FC48CF /* PinnedTabDemoTests */ = {
			isa = PBXNativeTarget;
			buildConfigurationList = 51C8FFC22B2B60D400FC48CF /* Build configuration list for PBXNativeTarget "PinnedTabDemoTests" */;
			buildPhases = (
				51C8FFA72B2B60D400FC48CF /* Sources */,
				51C8FFA82B2B60D400FC48CF /* Frameworks */,
				51C8FFA92B2B60D400FC48CF /* Resources */,
			);
			buildRules = (
			);
			dependencies = (
				51C8FFAD2B2B60D400FC48CF /* PBXTargetDependency */,
			);
			name = PinnedTabDemoTests;
			productName = PinnedTabDemoTests;
			productReference = 51C8FFAB2B2B60D400FC48CF /* PinnedTabDemoTests.xctest */;
			productType = "com.apple.product-type.bundle.unit-test";
		};
		51C8FFB42B2B60D400FC48CF /* PinnedTabDemoUITests */ = {
			isa = PBXNativeTarget;
			buildConfigurationList = 51C8FFC52B2B60D400FC48CF /* Build configuration list for PBXNativeTarget "PinnedTabDemoUITests" */;
			buildPhases = (
				51C8FFB12B2B60D400FC48CF /* Sources */,
				51C8FFB22B2B60D400FC48CF /* Frameworks */,
				51C8FFB32B2B60D400FC48CF /* Resources */,
			);
			buildRules = (
			);
			dependencies = (
				51C8FFB72B2B60D400FC48CF /* PBXTargetDependency */,
			);
			name = PinnedTabDemoUITests;
			productName = PinnedTabDemoUITests;
			productReference = 51C8FFB52B2B60D400FC48CF /* PinnedTabDemoUITests.xctest */;
			productType = "com.apple.product-type.bundle.ui-testing";
		};
/* End PBXNativeTarget section */

/* Begin PBXProject section */
		51C8FF932B2B60D200FC48CF /* Project object */ = {
			isa = PBXProject;
			attributes = {
				BuildIndependentTargetsInParallel = 1;
				LastSwiftUpdateCheck = 1500;
				LastUpgradeCheck = 1500;
				TargetAttributes = {
					51C8FF9A2B2B60D200FC48CF = {
						CreatedOnToolsVersion = 15.0.1;
					};
					51C8FFAA2B2B60D400FC48CF = {
						CreatedOnToolsVersion = 15.0.1;
						TestTargetID = 51C8FF9A2B2B60D200FC48CF;
					};
					51C8FFB42B2B60D400FC48CF = {
						CreatedOnToolsVersion = 15.0.1;
						TestTargetID = 51C8FF9A2B2B60D200FC48CF;
					};
				};
			};
			buildConfigurationList = 51C8FF962B2B60D200FC48CF /* Build configuration list for PBXProject "PinnedTabDemo" */;
			compatibilityVersion = "Xcode 14.0";
			developmentRegion = en;
			hasScannedForEncodings = 0;
			knownRegions = (
				en,
				Base,
			);
			mainGroup = 51C8FF922B2B60D200FC48CF;
			productRefGroup = 51C8FF9C2B2B60D200FC48CF /* Products */;
			projectDirPath = "";
			projectRoot = "";
			targets = (
				51C8FF9A2B2B60D200FC48CF /* PinnedTabDemo */,
				51C8FFAA2B2B60D400FC48CF /* PinnedTabDemoTests */,
				51C8FFB42B2B60D400FC48CF /* PinnedTabDemoUITests */,
			);
		};
/* End PBXProject section */

/* Begin PBXResourcesBuildPhase section */
		51C8FF992B2B60D200FC48CF /* Resources */ = {
			isa = PBXResourcesBuildPhase;
			buildActionMask = 2147483647;
			files = (
				51C8FFA62B2B60D400FC48CF /* Preview Assets.xcassets in Resources */,
				51C8FFA32B2B60D400FC48CF /* Assets.xcassets in Resources */,
			);
			runOnlyForDeploymentPostprocessing = 0;
		};
		51C8FFA92B2B60D400FC48CF /* Resources */ = {
			isa = PBXResourcesBuildPhase;
			buildActionMask = 2147483647;
			files = (
			);
			runOnlyForDeploymentPostprocessing = 0;
		};
		51C8FFB32B2B60D400FC48CF /* Resources */ = {
			isa = PBXResourcesBuildPhase;
			buildActionMask = 2147483647;
			files = (
			);
			runOnlyForDeploymentPostprocessing = 0;
		};
/* End PBXResourcesBuildPhase section */

/* Begin PBXSourcesBuildPhase section */
		51C8FF972B2B60D200FC48CF /* Sources */ = {
			isa = PBXSourcesBuildPhase;
			buildActionMask = 2147483647;
			files = (
				51C8FFCD2B2B655100FC48CF /* CustomTab.swift in Sources */,
				51C8FFCF2B2B6C1C00FC48CF /* CustomPageSlider.swift in Sources */,
				51C8FFC92B2B624400FC48CF /* CustomTabView.swift in Sources */,
				51C8FFA12B2B60D200FC48CF /* ContentView.swift in Sources */,
				51C8FF9F2B2B60D200FC48CF /* PinnedTabDemoApp.swift in Sources */,
				51F412972B2B7CFD0086E752 /* OffsetModifier.swift in Sources */,
			);
			runOnlyForDeploymentPostprocessing = 0;
		};
		51C8FFA72B2B60D400FC48CF /* Sources */ = {
			isa = PBXSourcesBuildPhase;
			buildActionMask = 2147483647;
			files = (
				51C8FFB02B2B60D400FC48CF /* PinnedTabDemoTests.swift in Sources */,
			);
			runOnlyForDeploymentPostprocessing = 0;
		};
		51C8FFB12B2B60D400FC48CF /* Sources */ = {
			isa = PBXSourcesBuildPhase;
			buildActionMask = 2147483647;
			files = (
				51C8FFBA2B2B60D400FC48CF /* PinnedTabDemoUITests.swift in Sources */,
				51C8FFBC2B2B60D400FC48CF /* PinnedTabDemoUITestsLaunchTests.swift in Sources */,
			);
			runOnlyForDeploymentPostprocessing = 0;
		};
/* End PBXSourcesBuildPhase section */

/* Begin PBXTargetDependency section */
		51C8FFAD2B2B60D400FC48CF /* PBXTargetDependency */ = {
			isa = PBXTargetDependency;
			target = 51C8FF9A2B2B60D200FC48CF /* PinnedTabDemo */;
			targetProxy = 51C8FFAC2B2B60D400FC48CF /* PBXContainerItemProxy */;
		};
		51C8FFB72B2B60D400FC48CF /* PBXTargetDependency */ = {
			isa = PBXTargetDependency;
			target = 51C8FF9A2B2B60D200FC48CF /* PinnedTabDemo */;
			targetProxy = 51C8FFB62B2B60D400FC48CF /* PBXContainerItemProxy */;
		};
/* End PBXTargetDependency section */

/* Begin XCBuildConfiguration section */
		51C8FFBD2B2B60D400FC48CF /* Debug */ = {
			isa = XCBuildConfiguration;
			buildSettings = {
				ALWAYS_SEARCH_USER_PATHS = NO;
				ASSETCATALOG_COMPILER_GENERATE_SWIFT_ASSET_SYMBOL_EXTENSIONS = YES;
				CLANG_ANALYZER_NONNULL = YES;
				CLANG_ANALYZER_NUMBER_OBJECT_CONVERSION = YES_AGGRESSIVE;
				CLANG_CXX_LANGUAGE_STANDARD = "gnu++20";
				CLANG_ENABLE_MODULES = YES;
				CLANG_ENABLE_OBJC_ARC = YES;
				CLANG_ENABLE_OBJC_WEAK = YES;
				CLANG_WARN_BLOCK_CAPTURE_AUTORELEASING = YES;
				CLANG_WARN_BOOL_CONVERSION = YES;
				CLANG_WARN_COMMA = YES;
				CLANG_WARN_CONSTANT_CONVERSION = YES;
				CLANG_WARN_DEPRECATED_OBJC_IMPLEMENTATIONS = YES;
				CLANG_WARN_DIRECT_OBJC_ISA_USAGE = YES_ERROR;
				CLANG_WARN_DOCUMENTATION_COMMENTS = YES;
				CLANG_WARN_EMPTY_BODY = YES;
				CLANG_WARN_ENUM_CONVERSION = YES;
				CLANG_WARN_INFINITE_RECURSION = YES;
				CLANG_WARN_INT_CONVERSION = YES;
				CLANG_WARN_NON_LITERAL_NULL_CONVERSION = YES;
				CLANG_WARN_OBJC_IMPLICIT_RETAIN_SELF = YES;
				CLANG_WARN_OBJC_LITERAL_CONVERSION = YES;
				CLANG_WARN_OBJC_ROOT_CLASS = YES_ERROR;
				CLANG_WARN_QUOTED_INCLUDE_IN_FRAMEWORK_HEADER = YES;
				CLANG_WARN_RANGE_LOOP_ANALYSIS = YES;
				CLANG_WARN_STRICT_PROTOTYPES = YES;
				CLANG_WARN_SUSPICIOUS_MOVE = YES;
				CLANG_WARN_UNGUARDED_AVAILABILITY = YES_AGGRESSIVE;
				CLANG_WARN_UNREACHABLE_CODE = YES;
				CLANG_WARN__DUPLICATE_METHOD_MATCH = YES;
				COPY_PHASE_STRIP = NO;
				DEBUG_INFORMATION_FORMAT = dwarf;
				ENABLE_STRICT_OBJC_MSGSEND = YES;
				ENABLE_TESTABILITY = YES;
				ENABLE_USER_SCRIPT_SANDBOXING = YES;
				GCC_C_LANGUAGE_STANDARD = gnu17;
				GCC_DYNAMIC_NO_PIC = NO;
				GCC_NO_COMMON_BLOCKS = YES;
				GCC_OPTIMIZATION_LEVEL = 0;
				GCC_PREPROCESSOR_DEFINITIONS = (
					"DEBUG=1",
					"$(inherited)",
				);
				GCC_WARN_64_TO_32_BIT_CONVERSION = YES;
				GCC_WARN_ABOUT_RETURN_TYPE = YES_ERROR;
				GCC_WARN_UNDECLARED_SELECTOR = YES;
				GCC_WARN_UNINITIALIZED_AUTOS = YES_AGGRESSIVE;
				GCC_WARN_UNUSED_FUNCTION = YES;
				GCC_WARN_UNUSED_VARIABLE = YES;
				IPHONEOS_DEPLOYMENT_TARGET = 17.0;
				LOCALIZATION_PREFERS_STRING_CATALOGS = YES;
				MTL_ENABLE_DEBUG_INFO = INCLUDE_SOURCE;
				MTL_FAST_MATH = YES;
				ONLY_ACTIVE_ARCH = YES;
				SDKROOT = iphoneos;
				SWIFT_ACTIVE_COMPILATION_CONDITIONS = "DEBUG $(inherited)";
				SWIFT_OPTIMIZATION_LEVEL = "-Onone";
			};
			name = Debug;
		};
		51C8FFBE2B2B60D400FC48CF /* Release */ = {
			isa = XCBuildConfiguration;
			buildSettings = {
				ALWAYS_SEARCH_USER_PATHS = NO;
				ASSETCATALOG_COMPILER_GENERATE_SWIFT_ASSET_SYMBOL_EXTENSIONS = YES;
				CLANG_ANALYZER_NONNULL = YES;
				CLANG_ANALYZER_NUMBER_OBJECT_CONVERSION = YES_AGGRESSIVE;
				CLANG_CXX_LANGUAGE_STANDARD = "gnu++20";
				CLANG_ENABLE_MODULES = YES;
				CLANG_ENABLE_OBJC_ARC = YES;
				CLANG_ENABLE_OBJC_WEAK = YES;
				CLANG_WARN_BLOCK_CAPTURE_AUTORELEASING = YES;
				CLANG_WARN_BOOL_CONVERSION = YES;
				CLANG_WARN_COMMA = YES;
				CLANG_WARN_CONSTANT_CONVERSION = YES;
				CLANG_WARN_DEPRECATED_OBJC_IMPLEMENTATIONS = YES;
				CLANG_WARN_DIRECT_OBJC_ISA_USAGE = YES_ERROR;
				CLANG_WARN_DOCUMENTATION_COMMENTS = YES;
				CLANG_WARN_EMPTY_BODY = YES;
				CLANG_WARN_ENUM_CONVERSION = YES;
				CLANG_WARN_INFINITE_RECURSION = YES;
				CLANG_WARN_INT_CONVERSION = YES;
				CLANG_WARN_NON_LITERAL_NULL_CONVERSION = YES;
				CLANG_WARN_OBJC_IMPLICIT_RETAIN_SELF = YES;
				CLANG_WARN_OBJC_LITERAL_CONVERSION = YES;
				CLANG_WARN_OBJC_ROOT_CLASS = YES_ERROR;
				CLANG_WARN_QUOTED_INCLUDE_IN_FRAMEWORK_HEADER = YES;
				CLANG_WARN_RANGE_LOOP_ANALYSIS = YES;
				CLANG_WARN_STRICT_PROTOTYPES = YES;
				CLANG_WARN_SUSPICIOUS_MOVE = YES;
				CLANG_WARN_UNGUARDED_AVAILABILITY = YES_AGGRESSIVE;
				CLANG_WARN_UNREACHABLE_CODE = YES;
				CLANG_WARN__DUPLICATE_METHOD_MATCH = YES;
				COPY_PHASE_STRIP = NO;
				DEBUG_INFORMATION_FORMAT = "dwarf-with-dsym";
				ENABLE_NS_ASSERTIONS = NO;
				ENABLE_STRICT_OBJC_MSGSEND = YES;
				ENABLE_USER_SCRIPT_SANDBOXING = YES;
				GCC_C_LANGUAGE_STANDARD = gnu17;
				GCC_NO_COMMON_BLOCKS = YES;
				GCC_WARN_64_TO_32_BIT_CONVERSION = YES;
				GCC_WARN_ABOUT_RETURN_TYPE = YES_ERROR;
				GCC_WARN_UNDECLARED_SELECTOR = YES;
				GCC_WARN_UNINITIALIZED_AUTOS = YES_AGGRESSIVE;
				GCC_WARN_UNUSED_FUNCTION = YES;
				GCC_WARN_UNUSED_VARIABLE = YES;
				IPHONEOS_DEPLOYMENT_TARGET = 17.0;
				LOCALIZATION_PREFERS_STRING_CATALOGS = YES;
				MTL_ENABLE_DEBUG_INFO = NO;
				MTL_FAST_MATH = YES;
				SDKROOT = iphoneos;
				SWIFT_COMPILATION_MODE = wholemodule;
				VALIDATE_PRODUCT = YES;
			};
			name = Release;
		};
		51C8FFC02B2B60D400FC48CF /* Debug */ = {
			isa = XCBuildConfiguration;
			buildSettings = {
				ASSETCATALOG_COMPILER_APPICON_NAME = AppIcon;
				ASSETCATALOG_COMPILER_GLOBAL_ACCENT_COLOR_NAME = AccentColor;
				CODE_SIGN_STYLE = Automatic;
				CURRENT_PROJECT_VERSION = 1;
				DEVELOPMENT_ASSET_PATHS = "\"PinnedTabDemo/Preview Content\"";
				ENABLE_PREVIEWS = YES;
				GENERATE_INFOPLIST_FILE = YES;
				INFOPLIST_KEY_UIApplicationSceneManifest_Generation = YES;
				INFOPLIST_KEY_UIApplicationSupportsIndirectInputEvents = YES;
				INFOPLIST_KEY_UILaunchScreen_Generation = YES;
				INFOPLIST_KEY_UISupportedInterfaceOrientations_iPad = "UIInterfaceOrientationPortrait UIInterfaceOrientationPortraitUpsideDown UIInterfaceOrientationLandscapeLeft UIInterfaceOrientationLandscapeRight";
				INFOPLIST_KEY_UISupportedInterfaceOrientations_iPhone = "UIInterfaceOrientationPortrait UIInterfaceOrientationLandscapeLeft UIInterfaceOrientationLandscapeRight";
				LD_RUNPATH_SEARCH_PATHS = (
					"$(inherited)",
					"@executable_path/Frameworks",
				);
				MARKETING_VERSION = 1.0;
				PRODUCT_BUNDLE_IDENTIFIER = mi.PinnedTabDemo;
				PRODUCT_NAME = "$(TARGET_NAME)";
				SWIFT_EMIT_LOC_STRINGS = YES;
				SWIFT_VERSION = 5.0;
				TARGETED_DEVICE_FAMILY = "1,2";
			};
			name = Debug;
		};
		51C8FFC12B2B60D400FC48CF /* Release */ = {
			isa = XCBuildConfiguration;
			buildSettings = {
				ASSETCATALOG_COMPILER_APPICON_NAME = AppIcon;
				ASSETCATALOG_COMPILER_GLOBAL_ACCENT_COLOR_NAME = AccentColor;
				CODE_SIGN_STYLE = Automatic;
				CURRENT_PROJECT_VERSION = 1;
				DEVELOPMENT_ASSET_PATHS = "\"PinnedTabDemo/Preview Content\"";
				ENABLE_PREVIEWS = YES;
				GENERATE_INFOPLIST_FILE = YES;
				INFOPLIST_KEY_UIApplicationSceneManifest_Generation = YES;
				INFOPLIST_KEY_UIApplicationSupportsIndirectInputEvents = YES;
				INFOPLIST_KEY_UILaunchScreen_Generation = YES;
				INFOPLIST_KEY_UISupportedInterfaceOrientations_iPad = "UIInterfaceOrientationPortrait UIInterfaceOrientationPortraitUpsideDown UIInterfaceOrientationLandscapeLeft UIInterfaceOrientationLandscapeRight";
				INFOPLIST_KEY_UISupportedInterfaceOrientations_iPhone = "UIInterfaceOrientationPortrait UIInterfaceOrientationLandscapeLeft UIInterfaceOrientationLandscapeRight";
				LD_RUNPATH_SEARCH_PATHS = (
					"$(inherited)",
					"@executable_path/Frameworks",
				);
				MARKETING_VERSION = 1.0;
				PRODUCT_BUNDLE_IDENTIFIER = mi.PinnedTabDemo;
				PRODUCT_NAME = "$(TARGET_NAME)";
				SWIFT_EMIT_LOC_STRINGS = YES;
				SWIFT_VERSION = 5.0;
				TARGETED_DEVICE_FAMILY = "1,2";
			};
			name = Release;
		};
		51C8FFC32B2B60D400FC48CF /* Debug */ = {
			isa = XCBuildConfiguration;
			buildSettings = {
				ALWAYS_EMBED_SWIFT_STANDARD_LIBRARIES = YES;
				BUNDLE_LOADER = "$(TEST_HOST)";
				CODE_SIGN_STYLE = Automatic;
				CURRENT_PROJECT_VERSION = 1;
				GENERATE_INFOPLIST_FILE = YES;
				IPHONEOS_DEPLOYMENT_TARGET = 17.0;
				MARKETING_VERSION = 1.0;
				PRODUCT_BUNDLE_IDENTIFIER = mi.PinnedTabDemoTests;
				PRODUCT_NAME = "$(TARGET_NAME)";
				SWIFT_EMIT_LOC_STRINGS = NO;
				SWIFT_VERSION = 5.0;
				TARGETED_DEVICE_FAMILY = "1,2";
				TEST_HOST = "$(BUILT_PRODUCTS_DIR)/PinnedTabDemo.app/$(BUNDLE_EXECUTABLE_FOLDER_PATH)/PinnedTabDemo";
			};
			name = Debug;
		};
		51C8FFC42B2B60D400FC48CF /* Release */ = {
			isa = XCBuildConfiguration;
			buildSettings = {
				ALWAYS_EMBED_SWIFT_STANDARD_LIBRARIES = YES;
				BUNDLE_LOADER = "$(TEST_HOST)";
				CODE_SIGN_STYLE = Automatic;
				CURRENT_PROJECT_VERSION = 1;
				GENERATE_INFOPLIST_FILE = YES;
				IPHONEOS_DEPLOYMENT_TARGET = 17.0;
				MARKETING_VERSION = 1.0;
				PRODUCT_BUNDLE_IDENTIFIER = mi.PinnedTabDemoTests;
				PRODUCT_NAME = "$(TARGET_NAME)";
				SWIFT_EMIT_LOC_STRINGS = NO;
				SWIFT_VERSION = 5.0;
				TARGETED_DEVICE_FAMILY = "1,2";
				TEST_HOST = "$(BUILT_PRODUCTS_DIR)/PinnedTabDemo.app/$(BUNDLE_EXECUTABLE_FOLDER_PATH)/PinnedTabDemo";
			};
			name = Release;
		};
		51C8FFC62B2B60D400FC48CF /* Debug */ = {
			isa = XCBuildConfiguration;
			buildSettings = {
				ALWAYS_EMBED_SWIFT_STANDARD_LIBRARIES = YES;
				CODE_SIGN_STYLE = Automatic;
				CURRENT_PROJECT_VERSION = 1;
				GENERATE_INFOPLIST_FILE = YES;
				MARKETING_VERSION = 1.0;
				PRODUCT_BUNDLE_IDENTIFIER = mi.PinnedTabDemoUITests;
				PRODUCT_NAME = "$(TARGET_NAME)";
				SWIFT_EMIT_LOC_STRINGS = NO;
				SWIFT_VERSION = 5.0;
				TARGETED_DEVICE_FAMILY = "1,2";
				TEST_TARGET_NAME = PinnedTabDemo;
			};
			name = Debug;
		};
		51C8FFC72B2B60D400FC48CF /* Release */ = {
			isa = XCBuildConfiguration;
			buildSettings = {
				ALWAYS_EMBED_SWIFT_STANDARD_LIBRARIES = YES;
				CODE_SIGN_STYLE = Automatic;
				CURRENT_PROJECT_VERSION = 1;
				GENERATE_INFOPLIST_FILE = YES;
				MARKETING_VERSION = 1.0;
				PRODUCT_BUNDLE_IDENTIFIER = mi.PinnedTabDemoUITests;
				PRODUCT_NAME = "$(TARGET_NAME)";
				SWIFT_EMIT_LOC_STRINGS = NO;
				SWIFT_VERSION = 5.0;
				TARGETED_DEVICE_FAMILY = "1,2";
				TEST_TARGET_NAME = PinnedTabDemo;
			};
			name = Release;
		};
/* End XCBuildConfiguration section */

/* Begin XCConfigurationList section */
		51C8FF962B2B60D200FC48CF /* Build configuration list for PBXProject "PinnedTabDemo" */ = {
			isa = XCConfigurationList;
			buildConfigurations = (
				51C8FFBD2B2B60D400FC48CF /* Debug */,
				51C8FFBE2B2B60D400FC48CF /* Release */,
			);
			defaultConfigurationIsVisible = 0;
			defaultConfigurationName = Release;
		};
		51C8FFBF2B2B60D400FC48CF /* Build configuration list for PBXNativeTarget "PinnedTabDemo" */ = {
			isa = XCConfigurationList;
			buildConfigurations = (
				51C8FFC02B2B60D400FC48CF /* Debug */,
				51C8FFC12B2B60D400FC48CF /* Release */,
			);
			defaultConfigurationIsVisible = 0;
			defaultConfigurationName = Release;
		};
		51C8FFC22B2B60D400FC48CF /* Build configuration list for PBXNativeTarget "PinnedTabDemoTests" */ = {
			isa = XCConfigurationList;
			buildConfigurations = (
				51C8FFC32B2B60D400FC48CF /* Debug */,
				51C8FFC42B2B60D400FC48CF /* Release */,
			);
			defaultConfigurationIsVisible = 0;
			defaultConfigurationName = Release;
		};
		51C8FFC52B2B60D400FC48CF /* Build configuration list for PBXNativeTarget "PinnedTabDemoUITests" */ = {
			isa = XCConfigurationList;
			buildConfigurations = (
				51C8FFC62B2B60D400FC48CF /* Debug */,
				51C8FFC72B2B60D400FC48CF /* Release */,
			);
			defaultConfigurationIsVisible = 0;
			defaultConfigurationName = Release;
		};
/* End XCConfigurationList section */
	};
	rootObject = 51C8FF932B2B60D200FC48CF /* Project object */;
}
